
Microsoft Visual Studio Solution File, Format Version 12.00
# Visual Studio Version 16
VisualStudioVersion = 16.0.31911.196
MinimumVisualStudioVersion = 10.0.40219.1
Project("{9A19103F-16F7-4668-BE54-9A1E7A4F7556}") = "Shopping.Client", "Shopping.Client\Shopping.Client.csproj", "{63BB3503-3EDF-4DA7-9746-4BF38289044F}"
EndProject
Project("{FAE04EC0-301F-11D3-BF4B-00C04F79EFBC}") = "Shopping.Api", "Shopping.Api\Shopping.Api.csproj", "{38E7118F-90CD-497F-B036-C3B06E0CA799}"
EndProject
Global
	GlobalSection(SolutionConfigurationPlatforms) = preSolution
		Debug|Any CPU = Debug|Any CPU
		Release|Any CPU = Release|Any CPU
	EndGlobalSection
	GlobalSection(ProjectConfigurationPlatforms) = postSolution
		{63BB3503-3EDF-4DA7-9746-4BF38289044F}.Debug|Any CPU.ActiveCfg = Debug|Any CPU
		{63BB3503-3EDF-4DA7-9746-4BF38289044F}.Debug|Any CPU.Build.0 = Debug|Any CPU
		{63BB3503-3EDF-4DA7-9746-4BF38289044F}.Release|Any CPU.ActiveCfg = Release|Any CPU
		{63BB3503-3EDF-4DA7-9746-4BF38289044F}.Release|Any CPU.Build.0 = Release|Any CPU
		{38E7118F-90CD-497F-B036-C3B06E0CA799}.Debug|Any CPU.ActiveCfg = Debug|Any CPU
		{38E7118F-90CD-497F-B036-C3B06E0CA799}.Debug|Any CPU.Build.0 = Debug|Any CPU
		{38E7118F-90CD-497F-B036-C3B06E0CA799}.Release|Any CPU.ActiveCfg = Release|Any CPU
		{38E7118F-90CD-497F-B036-C3B06E0CA799}.Release|Any CPU.Build.0 = Release|Any CPU
	EndGlobalSection
	GlobalSection(SolutionProperties) = preSolution
		HideSolutionNode = FALSE
	EndGlobalSection
	GlobalSection(ExtensibilityGlobals) = postSolution
		SolutionGuid = {052D4C36-9956-450E-BF2B-6EFB65EAB499}
	EndGlobalSection
EndGlobal
